PODS:
  - AFNetworking (2.0.3):
    - AFNetworking/NSURLConnection
    - AFNetworking/NSURLSession
    - AFNetworking/Reachability
    - AFNetworking/Security
    - AFNetworking/Serialization
    - AFNetworking/UIKit
  - AFNetworking/NSURLConnection (2.0.3):
    - AFNetworking/Reachability
    - AFNetworking/Security
    - AFNetworking/Serialization
  - AFNetworking/NSURLSession (2.0.3):
    - AFNetworking/NSURLConnection
  - AFNetworking/Reachability (2.0.3)
  - AFNetworking/Security (2.0.3)
  - AFNetworking/Serialization (2.0.3)
  - AFNetworking/UIKit (2.0.3):
    - AFNetworking/NSURLConnection
  - CGLMail (0.1.0)
  - Facebook-iOS-SDK (3.13.0)
  - Fare (1.0.3):
    - AFNetworking (~> 2.0.3)
    - Mantle (~> 1.3)
    - ReactiveCocoa (~> 2.1)
    - XMLDictionary (~> 1.3)
  - FormatterKit (1.3.2):
    - FormatterKit/AddressFormatter
    - FormatterKit/ArrayFormatter
    - FormatterKit/ColorFormatter
    - FormatterKit/LocationFormatter
    - FormatterKit/OrdinalNumberFormatter
    - FormatterKit/TimeIntervalFormatter
    - FormatterKit/UnitOfInformationFormatter
    - FormatterKit/URLRequestFormatter
  - FormatterKit/AddressFormatter (1.3.2)
  - FormatterKit/ArrayFormatter (1.3.2)
  - FormatterKit/ColorFormatter (1.3.2)
  - FormatterKit/LocationFormatter (1.3.2)
  - FormatterKit/OrdinalNumberFormatter (1.3.2)
  - FormatterKit/TimeIntervalFormatter (1.3.2)
  - FormatterKit/UnitOfInformationFormatter (1.3.2)
  - FormatterKit/URLRequestFormatter (1.3.2)
  - GCBActionSheet (1.0.0)
  - Google-Maps-iOS-SDK (1.6.2)
  - libextobjc (0.4):
    - libextobjc/EXTADT
    - libextobjc/EXTConcreteProtocol
    - libextobjc/EXTKeyPathCoding
    - libextobjc/EXTNil
    - libextobjc/EXTSafeCategory
    - libextobjc/EXTScope
    - libextobjc/EXTSelectorChecking
    - libextobjc/EXTSynthesize
    - libextobjc/NSInvocation+EXT
    - libextobjc/NSMethodSignature+EXT
    - libextobjc/RuntimeExtensions
    - libextobjc/UmbrellaHeader
  - libextobjc/EXTADT (0.4):
    - libextobjc/RuntimeExtensions
  - libextobjc/EXTConcreteProtocol (0.4):
    - libextobjc/RuntimeExtensions
  - libextobjc/EXTKeyPathCoding (0.4):
    - libextobjc/RuntimeExtensions
  - libextobjc/EXTNil (0.4):
    - libextobjc/RuntimeExtensions
  - libextobjc/EXTSafeCategory (0.4):
    - libextobjc/RuntimeExtensions
  - libextobjc/EXTScope (0.4):
    - libextobjc/RuntimeExtensions
  - libextobjc/EXTSelectorChecking (0.4):
    - libextobjc/RuntimeExtensions
  - libextobjc/EXTSynthesize (0.4):
    - libextobjc/RuntimeExtensions
  - libextobjc/NSInvocation+EXT (0.4):
    - libextobjc/RuntimeExtensions
  - libextobjc/NSMethodSignature+EXT (0.4):
    - libextobjc/RuntimeExtensions
  - libextobjc/RuntimeExtensions (0.4)
  - libextobjc/UmbrellaHeader (0.4)
  - Mantle (1.5):
    - Mantle/extobjc
  - Mantle/extobjc (1.5)
  - MarqueeLabel (1.4.0)
  - ObjectiveSugar (1.1.0)
  - ReactiveCocoa (2.3):
    - ReactiveCocoa/UI
  - ReactiveCocoa/Core (2.3):
    - ReactiveCocoa/no-arc
  - ReactiveCocoa/no-arc (2.3)
  - ReactiveCocoa/UI (2.3):
    - ReactiveCocoa/Core
  - SAMGradientView (0.2.1)
  - SVPulsingAnnotationView (0.3.0)
  - TTTAttributedLabel (1.7.5)
  - VTAcknowledgementsViewController (0.10)
  - XMLDictionary (1.4)

DEPENDENCIES:
  - CGLMail (~> 0.1)
  - Facebook-iOS-SDK (~> 3.13)
  - Fare (from `git@github.com:jonahgrant/fare.git`, branch `master`)
  - FormatterKit (~> 1.3.1)
  - GCBActionSheet (~> 1.0.0)
  - Google-Maps-iOS-SDK (~> 1.6.0)
  - libextobjc (~> 0.4)
  - MarqueeLabel (~> 1.3)
  - ObjectiveSugar
  - ReactiveCocoa (~> 2.1)
  - SAMGradientView (~> 0.2.1)
  - SVPulsingAnnotationView (~> 0.3.0)
  - TTTAttributedLabel (~> 1.7.5)
  - VTAcknowledgementsViewController

EXTERNAL SOURCES:
  Fare:
    :branch: master
    :git: git@github.com:jonahgrant/fare.git

SPEC CHECKSUMS:
  AFNetworking: a4d0e9a64de9242986620dafd1b3cee3b413ac5c
  CGLMail: ae796b1bc3e864d0d80508cb4ad72b6502649cdc
  Facebook-iOS-SDK: 7d3393482bcaee7e819b7bc7b9cf3c6ed530f8c0
  Fare: c36cbeee276d5f09bfbff01750184897bae9f5ae
  FormatterKit: bac58237800387c455f9a8c84c45183b344a7f50
  GCBActionSheet: c71ae920361990d5ea0e0863c7b2d1e501dfea38
  Google-Maps-iOS-SDK: 572669521615fa2685696cc391049e3982710402
  libextobjc: ba42e4111f433273a886cd54f0ddaddb7f62f82f
  Mantle: c67a7e45e14196ed42b2a7cbb98ff6a9920e6b92
  MarqueeLabel: 32aa4dbe9d8562c42175f694f8ae9ad5819e564d
  ObjectiveSugar: f48793f5902c77cfc02a4ce46d2e8ecddcad4dc2
  ReactiveCocoa: 2066583826c17dde8e90c41e489f682048cc57c9
  SAMGradientView: 37ef027b0da8b5fd85bfdfef49801b5262160998
  SVPulsingAnnotationView: 92364bec02160f481d1b603afc904183d385c3e6
  TTTAttributedLabel: 8a0d6aefe4a24b8b91899ee2a8a9b050e70de85d
  VTAcknowledgementsViewController: dc41d1f26847ea1c25bb0c8e8b69a6310d847a44
  XMLDictionary: 735e81b9a043e220b0d24e9d4f16719606f2e0fc

COCOAPODS: 0.33.1
